
Microsoft Visual Studio Solution File, Format Version 12.00
# Visual Studio Version 17
VisualStudioVersion = 17.6.33815.320
MinimumVisualStudioVersion = 10.0.40219.1
Project("{FAE04EC0-301F-11D3-BF4B-00C04F79EFBC}") = "MajicVilla_VillaApi", "MajicVilla_VillaApi\MajicVilla_VillaApi.csproj", "{30F560C2-AFEB-4DD1-96DA-12A72DDF33AF}"
EndProject
Global
	GlobalSection(SolutionConfigurationPlatforms) = preSolution
		Debug|Any CPU = Debug|Any CPU
		Release|Any CPU = Release|Any CPU
	EndGlobalSection
	GlobalSection(ProjectConfigurationPlatforms) = postSolution
		{30F560C2-AFEB-4DD1-96DA-12A72DDF33AF}.Debug|Any CPU.ActiveCfg = Debug|Any CPU
		{30F560C2-AFEB-4DD1-96DA-12A72DDF33AF}.Debug|Any CPU.Build.0 = Debug|Any CPU
		{30F560C2-AFEB-4DD1-96DA-12A72DDF33AF}.Release|Any CPU.ActiveCfg = Release|Any CPU
		{30F560C2-AFEB-4DD1-96DA-12A72DDF33AF}.Release|Any CPU.Build.0 = Release|Any CPU
	EndGlobalSection
	GlobalSection(SolutionProperties) = preSolution
		HideSolutionNode = FALSE
	EndGlobalSection
	GlobalSection(ExtensibilityGlobals) = postSolution
		SolutionGuid = {FC84B25C-C631-4B1D-89BC-59B937476B4D}
	EndGlobalSection
EndGlobal
